
Microsoft Visual Studio Solution File, Format Version 12.00
# Visual Studio Version 17
VisualStudioVersion = 17.0.31903.59
MinimumVisualStudioVersion = 10.0.40219.1
Project("{FAE04EC0-301F-11D3-BF4B-00C04F79EFBC}") = "FluentAssertions.FileSystem", "FluentAssertions.FileSystem\FluentAssertions.FileSystem.csproj", "{1C0B845D-559D-422A-B01C-44FCDB1CFA84}"
EndProject
Project("{FAE04EC0-301F-11D3-BF4B-00C04F79EFBC}") = "FluentAssertions.FileSystem.Tests", "FluentAssertions.FileSystem.Tests\FluentAssertions.FileSystem.Tests.csproj", "{C9ECBC8E-1004-4371-8DDC-4F7F8F3A334E}"
EndProject
Global
	GlobalSection(SolutionConfigurationPlatforms) = preSolution
		Debug|Any CPU = Debug|Any CPU
		Release|Any CPU = Release|Any CPU
	EndGlobalSection
	GlobalSection(SolutionProperties) = preSolution
		HideSolutionNode = FALSE
	EndGlobalSection
	GlobalSection(ProjectConfigurationPlatforms) = postSolution
		{1C0B845D-559D-422A-B01C-44FCDB1CFA84}.Debug|Any CPU.ActiveCfg = Debug|Any CPU
		{1C0B845D-559D-422A-B01C-44FCDB1CFA84}.Debug|Any CPU.Build.0 = Debug|Any CPU
		{1C0B845D-559D-422A-B01C-44FCDB1CFA84}.Release|Any CPU.ActiveCfg = Release|Any CPU
		{1C0B845D-559D-422A-B01C-44FCDB1CFA84}.Release|Any CPU.Build.0 = Release|Any CPU
		{C9ECBC8E-1004-4371-8DDC-4F7F8F3A334E}.Debug|Any CPU.ActiveCfg = Debug|Any CPU
		{C9ECBC8E-1004-4371-8DDC-4F7F8F3A334E}.Debug|Any CPU.Build.0 = Debug|Any CPU
		{C9ECBC8E-1004-4371-8DDC-4F7F8F3A334E}.Release|Any CPU.ActiveCfg = Release|Any CPU
		{C9ECBC8E-1004-4371-8DDC-4F7F8F3A334E}.Release|Any CPU.Build.0 = Release|Any CPU
	EndGlobalSection
EndGlobal
